
Microsoft Visual Studio Solution File, Format Version 12.00
# Blend for Visual Studio 15
VisualStudioVersion = 15.0.27703.2000
MinimumVisualStudioVersion = 10.0.40219.1
Project("{2150E333-8FDC-42A3-9474-1A3956D46DE8}") = "GUI", "GUI", "{0CD998F8-4301-4121-8624-E3E943B6EEF4}"
EndProject
Project("{2150E333-8FDC-42A3-9474-1A3956D46DE8}") = "Services", "Services", "{D2C27DE6-AC1D-4767-AAAB-1C711D6EE379}"
EndProject
Project("{2150E333-8FDC-42A3-9474-1A3956D46DE8}") = "Identity", "Identity", "{EA54A215-955A-40DE-8F51-A0A8E2ED68F1}"
EndProject
Project("{2150E333-8FDC-42A3-9474-1A3956D46DE8}") = "Solution Items", "Solution Items", "{8A406B5B-375C-4283-ADB5-1274AEB13495}"
	ProjectSection(SolutionItems) = preProject
		netcore2.md = netcore2.md
	EndProjectSection
EndProject
Project("{2150E333-8FDC-42A3-9474-1A3956D46DE8}") = "Shared", "Shared", "{25AFD7C8-62B3-4B3E-9433-77DD3D493857}"
EndProject
Project("{FAE04EC0-301F-11D3-BF4B-00C04F79EFBC}") = "MVC", "Mvc\MVC.csproj", "{D444374C-8D6F-4042-8D99-EB8D3984EDBD}"
EndProject
Project("{FAE04EC0-301F-11D3-BF4B-00C04F79EFBC}") = "TodoServices.Shared", "TodoServices\TodoServices.Shared\TodoServices.Shared.csproj", "{09F2F311-F67B-4A4E-8458-D3C1ECB3343B}"
EndProject
Project("{FAE04EC0-301F-11D3-BF4B-00C04F79EFBC}") = "TodoServices.Domain", "TodoServices\TodoServices.Domain\TodoServices.Domain.csproj", "{B164FE84-B82B-4255-B21B-B9E1875E9FE2}"
EndProject
Project("{FAE04EC0-301F-11D3-BF4B-00C04F79EFBC}") = "TodoServices.Read", "TodoServices\TodoServices.Read\TodoServices.Read.csproj", "{29F1C831-8981-4225-94AF-6726F899B9FB}"
EndProject
Project("{FAE04EC0-301F-11D3-BF4B-00C04F79EFBC}") = "TodoServices.Command", "TodoServices\TodoServices.Command\TodoServices.Command.csproj", "{58259D94-D4B8-4852-8704-F7E92BD13ED4}"
EndProject
Project("{FAE04EC0-301F-11D3-BF4B-00C04F79EFBC}") = "Identity", "Identity\Identity.csproj", "{E1CF742C-6436-45F8-AF6C-648CFB65BBAA}"
EndProject
Project("{FAE04EC0-301F-11D3-BF4B-00C04F79EFBC}") = "Shared.Enum", "Shared\Shared.Enum\Shared.Enum.csproj", "{239D9924-1DFE-4C3D-99C4-989673D3258C}"
EndProject
Project("{FAE04EC0-301F-11D3-BF4B-00C04F79EFBC}") = "Shared.Queue", "Shared\Shared.Queue\Shared.Queue.csproj", "{71F2EF0F-30CC-43AD-ACD1-3615A7EA708C}"
EndProject
Project("{FAE04EC0-301F-11D3-BF4B-00C04F79EFBC}") = "Shared.Middleware", "Shared\Shared.Middleware\Shared.Middleware.csproj", "{97396BC2-1475-41C3-B484-31F37FE0CAE5}"
EndProject
Project("{FAE04EC0-301F-11D3-BF4B-00C04F79EFBC}") = "Shared.Util", "Shared\Shared.Util\Shared.Util.csproj", "{08EC764F-90E9-49EA-9659-C5A095389B60}"
EndProject
Project("{FAE04EC0-301F-11D3-BF4B-00C04F79EFBC}") = "TodoServices.Domain.Postgres", "TodoServices\TodoServices.Domain.Postgres\TodoServices.Domain.Postgres.csproj", "{4C3F4D2E-F9D3-44C5-8D72-55A7E569392C}"
EndProject
Project("{FAE04EC0-301F-11D3-BF4B-00C04F79EFBC}") = "Shared.HttpClient", "Shared\Shared.HttpClient\Shared.HttpClient.csproj", "{AC4594A9-CAC6-4D9B-961D-35984C744B7C}"
EndProject
Project("{FAE04EC0-301F-11D3-BF4B-00C04F79EFBC}") = "TodoServices.Message", "TodoServices\TodoServices.Message\TodoServices.Message.csproj", "{A83942AD-2517-468F-B67F-5B42B56A5EEA}"
EndProject
Project("{FAE04EC0-301F-11D3-BF4B-00C04F79EFBC}") = "Shared.Common", "Shared\Shared.Common\Shared.Common.csproj", "{6A4ED482-61F1-4D9A-987B-4B3363FDBAC9}"
EndProject
Project("{FAE04EC0-301F-11D3-BF4B-00C04F79EFBC}") = "Shared.Common.Sql", "Shared\Shared.Common.Sql\Shared.Common.Sql.csproj", "{3E68648C-39C1-4A62-B926-4FBF2180315D}"
EndProject
Project("{FAE04EC0-301F-11D3-BF4B-00C04F79EFBC}") = "Shared.Common.Mongo", "Shared\Shared.Common.Mongo\Shared.Common.Mongo.csproj", "{34749741-7BA2-476A-B684-28C911582254}"
EndProject
Global
	GlobalSection(SolutionConfigurationPlatforms) = preSolution
		Debug|Any CPU = Debug|Any CPU
		Release|Any CPU = Release|Any CPU
	EndGlobalSection
	GlobalSection(ProjectConfigurationPlatforms) = postSolution
		{D444374C-8D6F-4042-8D99-EB8D3984EDBD}.Debug|Any CPU.ActiveCfg = Debug|Any CPU
		{D444374C-8D6F-4042-8D99-EB8D3984EDBD}.Debug|Any CPU.Build.0 = Debug|Any CPU
		{D444374C-8D6F-4042-8D99-EB8D3984EDBD}.Release|Any CPU.ActiveCfg = Release|Any CPU
		{D444374C-8D6F-4042-8D99-EB8D3984EDBD}.Release|Any CPU.Build.0 = Release|Any CPU
		{09F2F311-F67B-4A4E-8458-D3C1ECB3343B}.Debug|Any CPU.ActiveCfg = Debug|Any CPU
		{09F2F311-F67B-4A4E-8458-D3C1ECB3343B}.Debug|Any CPU.Build.0 = Debug|Any CPU
		{09F2F311-F67B-4A4E-8458-D3C1ECB3343B}.Release|Any CPU.ActiveCfg = Release|Any CPU
		{09F2F311-F67B-4A4E-8458-D3C1ECB3343B}.Release|Any CPU.Build.0 = Release|Any CPU
		{B164FE84-B82B-4255-B21B-B9E1875E9FE2}.Debug|Any CPU.ActiveCfg = Debug|Any CPU
		{B164FE84-B82B-4255-B21B-B9E1875E9FE2}.Debug|Any CPU.Build.0 = Debug|Any CPU
		{B164FE84-B82B-4255-B21B-B9E1875E9FE2}.Release|Any CPU.ActiveCfg = Release|Any CPU
		{B164FE84-B82B-4255-B21B-B9E1875E9FE2}.Release|Any CPU.Build.0 = Release|Any CPU
		{29F1C831-8981-4225-94AF-6726F899B9FB}.Debug|Any CPU.ActiveCfg = Debug|Any CPU
		{29F1C831-8981-4225-94AF-6726F899B9FB}.Debug|Any CPU.Build.0 = Debug|Any CPU
		{29F1C831-8981-4225-94AF-6726F899B9FB}.Release|Any CPU.ActiveCfg = Release|Any CPU
		{29F1C831-8981-4225-94AF-6726F899B9FB}.Release|Any CPU.Build.0 = Release|Any CPU
		{58259D94-D4B8-4852-8704-F7E92BD13ED4}.Debug|Any CPU.ActiveCfg = Debug|Any CPU
		{58259D94-D4B8-4852-8704-F7E92BD13ED4}.Debug|Any CPU.Build.0 = Debug|Any CPU
		{58259D94-D4B8-4852-8704-F7E92BD13ED4}.Release|Any CPU.ActiveCfg = Release|Any CPU
		{58259D94-D4B8-4852-8704-F7E92BD13ED4}.Release|Any CPU.Build.0 = Release|Any CPU
		{E1CF742C-6436-45F8-AF6C-648CFB65BBAA}.Debug|Any CPU.ActiveCfg = Debug|Any CPU
		{E1CF742C-6436-45F8-AF6C-648CFB65BBAA}.Debug|Any CPU.Build.0 = Debug|Any CPU
		{E1CF742C-6436-45F8-AF6C-648CFB65BBAA}.Release|Any CPU.ActiveCfg = Release|Any CPU
		{E1CF742C-6436-45F8-AF6C-648CFB65BBAA}.Release|Any CPU.Build.0 = Release|Any CPU
		{239D9924-1DFE-4C3D-99C4-989673D3258C}.Debug|Any CPU.ActiveCfg = Debug|Any CPU
		{239D9924-1DFE-4C3D-99C4-989673D3258C}.Debug|Any CPU.Build.0 = Debug|Any CPU
		{239D9924-1DFE-4C3D-99C4-989673D3258C}.Release|Any CPU.ActiveCfg = Release|Any CPU
		{239D9924-1DFE-4C3D-99C4-989673D3258C}.Release|Any CPU.Build.0 = Release|Any CPU
		{71F2EF0F-30CC-43AD-ACD1-3615A7EA708C}.Debug|Any CPU.ActiveCfg = Debug|Any CPU
		{71F2EF0F-30CC-43AD-ACD1-3615A7EA708C}.Debug|Any CPU.Build.0 = Debug|Any CPU
		{71F2EF0F-30CC-43AD-ACD1-3615A7EA708C}.Release|Any CPU.ActiveCfg = Release|Any CPU
		{71F2EF0F-30CC-43AD-ACD1-3615A7EA708C}.Release|Any CPU.Build.0 = Release|Any CPU
		{97396BC2-1475-41C3-B484-31F37FE0CAE5}.Debug|Any CPU.ActiveCfg = Debug|Any CPU
		{97396BC2-1475-41C3-B484-31F37FE0CAE5}.Debug|Any CPU.Build.0 = Debug|Any CPU
		{97396BC2-1475-41C3-B484-31F37FE0CAE5}.Release|Any CPU.ActiveCfg = Release|Any CPU
		{97396BC2-1475-41C3-B484-31F37FE0CAE5}.Release|Any CPU.Build.0 = Release|Any CPU
		{08EC764F-90E9-49EA-9659-C5A095389B60}.Debug|Any CPU.ActiveCfg = Debug|Any CPU
		{08EC764F-90E9-49EA-9659-C5A095389B60}.Debug|Any CPU.Build.0 = Debug|Any CPU
		{08EC764F-90E9-49EA-9659-C5A095389B60}.Release|Any CPU.ActiveCfg = Release|Any CPU
		{08EC764F-90E9-49EA-9659-C5A095389B60}.Release|Any CPU.Build.0 = Release|Any CPU
		{4C3F4D2E-F9D3-44C5-8D72-55A7E569392C}.Debug|Any CPU.ActiveCfg = Debug|Any CPU
		{4C3F4D2E-F9D3-44C5-8D72-55A7E569392C}.Debug|Any CPU.Build.0 = Debug|Any CPU
		{4C3F4D2E-F9D3-44C5-8D72-55A7E569392C}.Release|Any CPU.ActiveCfg = Release|Any CPU
		{4C3F4D2E-F9D3-44C5-8D72-55A7E569392C}.Release|Any CPU.Build.0 = Release|Any CPU
		{AC4594A9-CAC6-4D9B-961D-35984C744B7C}.Debug|Any CPU.ActiveCfg = Debug|Any CPU
		{AC4594A9-CAC6-4D9B-961D-35984C744B7C}.Debug|Any CPU.Build.0 = Debug|Any CPU
		{AC4594A9-CAC6-4D9B-961D-35984C744B7C}.Release|Any CPU.ActiveCfg = Release|Any CPU
		{AC4594A9-CAC6-4D9B-961D-35984C744B7C}.Release|Any CPU.Build.0 = Release|Any CPU
		{A83942AD-2517-468F-B67F-5B42B56A5EEA}.Debug|Any CPU.ActiveCfg = Debug|Any CPU
		{A83942AD-2517-468F-B67F-5B42B56A5EEA}.Debug|Any CPU.Build.0 = Debug|Any CPU
		{A83942AD-2517-468F-B67F-5B42B56A5EEA}.Release|Any CPU.ActiveCfg = Release|Any CPU
		{A83942AD-2517-468F-B67F-5B42B56A5EEA}.Release|Any CPU.Build.0 = Release|Any CPU
		{6A4ED482-61F1-4D9A-987B-4B3363FDBAC9}.Debug|Any CPU.ActiveCfg = Debug|Any CPU
		{6A4ED482-61F1-4D9A-987B-4B3363FDBAC9}.Debug|Any CPU.Build.0 = Debug|Any CPU
		{6A4ED482-61F1-4D9A-987B-4B3363FDBAC9}.Release|Any CPU.ActiveCfg = Release|Any CPU
		{6A4ED482-61F1-4D9A-987B-4B3363FDBAC9}.Release|Any CPU.Build.0 = Release|Any CPU
		{3E68648C-39C1-4A62-B926-4FBF2180315D}.Debug|Any CPU.ActiveCfg = Debug|Any CPU
		{3E68648C-39C1-4A62-B926-4FBF2180315D}.Debug|Any CPU.Build.0 = Debug|Any CPU
		{3E68648C-39C1-4A62-B926-4FBF2180315D}.Release|Any CPU.ActiveCfg = Release|Any CPU
		{3E68648C-39C1-4A62-B926-4FBF2180315D}.Release|Any CPU.Build.0 = Release|Any CPU
		{34749741-7BA2-476A-B684-28C911582254}.Debug|Any CPU.ActiveCfg = Debug|Any CPU
		{34749741-7BA2-476A-B684-28C911582254}.Debug|Any CPU.Build.0 = Debug|Any CPU
		{34749741-7BA2-476A-B684-28C911582254}.Release|Any CPU.ActiveCfg = Release|Any CPU
		{34749741-7BA2-476A-B684-28C911582254}.Release|Any CPU.Build.0 = Release|Any CPU
	EndGlobalSection
	GlobalSection(SolutionProperties) = preSolution
		HideSolutionNode = FALSE
	EndGlobalSection
	GlobalSection(NestedProjects) = preSolution
		{D444374C-8D6F-4042-8D99-EB8D3984EDBD} = {0CD998F8-4301-4121-8624-E3E943B6EEF4}
		{09F2F311-F67B-4A4E-8458-D3C1ECB3343B} = {D2C27DE6-AC1D-4767-AAAB-1C711D6EE379}
		{B164FE84-B82B-4255-B21B-B9E1875E9FE2} = {D2C27DE6-AC1D-4767-AAAB-1C711D6EE379}
		{29F1C831-8981-4225-94AF-6726F899B9FB} = {D2C27DE6-AC1D-4767-AAAB-1C711D6EE379}
		{58259D94-D4B8-4852-8704-F7E92BD13ED4} = {D2C27DE6-AC1D-4767-AAAB-1C711D6EE379}
		{E1CF742C-6436-45F8-AF6C-648CFB65BBAA} = {EA54A215-955A-40DE-8F51-A0A8E2ED68F1}
		{239D9924-1DFE-4C3D-99C4-989673D3258C} = {25AFD7C8-62B3-4B3E-9433-77DD3D493857}
		{71F2EF0F-30CC-43AD-ACD1-3615A7EA708C} = {25AFD7C8-62B3-4B3E-9433-77DD3D493857}
		{97396BC2-1475-41C3-B484-31F37FE0CAE5} = {25AFD7C8-62B3-4B3E-9433-77DD3D493857}
		{08EC764F-90E9-49EA-9659-C5A095389B60} = {25AFD7C8-62B3-4B3E-9433-77DD3D493857}
		{4C3F4D2E-F9D3-44C5-8D72-55A7E569392C} = {D2C27DE6-AC1D-4767-AAAB-1C711D6EE379}
		{AC4594A9-CAC6-4D9B-961D-35984C744B7C} = {25AFD7C8-62B3-4B3E-9433-77DD3D493857}
		{A83942AD-2517-468F-B67F-5B42B56A5EEA} = {D2C27DE6-AC1D-4767-AAAB-1C711D6EE379}
		{6A4ED482-61F1-4D9A-987B-4B3363FDBAC9} = {25AFD7C8-62B3-4B3E-9433-77DD3D493857}
		{3E68648C-39C1-4A62-B926-4FBF2180315D} = {25AFD7C8-62B3-4B3E-9433-77DD3D493857}
		{34749741-7BA2-476A-B684-28C911582254} = {25AFD7C8-62B3-4B3E-9433-77DD3D493857}
	EndGlobalSection
	GlobalSection(ExtensibilityGlobals) = postSolution
		SolutionGuid = {372FBD7B-F532-44A0-AE69-2148719ABF7A}
	EndGlobalSection
EndGlobal
